// !$*UTF8*$!
{
	archiveVersion = 1;
	classes = {
	};
	objectVersion = 46;
	objects = {

/* Begin PBXBuildFile section */
		C09A3FC41CA29EC500ADB74B /* main.m in Sources */ = {isa = PBXBuildFile; fileRef = C09A3FC31CA29EC500ADB74B /* main.m */; };
		C09A3FC71CA29EC500ADB74B /* AppDelegate.m in Sources */ = {isa = PBXBuildFile; fileRef = C09A3FC61CA29EC500ADB74B /* AppDelegate.m */; };
		C09A3FCF1CA29EC500ADB74B /* Assets.xcassets in Resources */ = {isa = PBXBuildFile; fileRef = C09A3FCE1CA29EC500ADB74B /* Assets.xcassets */; };
		C09A3FD21CA29EC500ADB74B /* LaunchScreen.storyboard in Resources */ = {isa = PBXBuildFile; fileRef = C09A3FD01CA29EC500ADB74B /* LaunchScreen.storyboard */; };
		C09A3FDD1CA29EC500ADB74B /* HNaudioTests.m in Sources */ = {isa = PBXBuildFile; fileRef = C09A3FDC1CA29EC500ADB74B /* HNaudioTests.m */; };
		C09A3FE81CA29EC500ADB74B /* HNaudioUITests.m in Sources */ = {isa = PBXBuildFile; fileRef = C09A3FE71CA29EC500ADB74B /* HNaudioUITests.m */; };
		C09A3FF61CA29FBE00ADB74B /* AVFoundation.framework in Frameworks */ = {isa = PBXBuildFile; fileRef = C09A3FF51CA29FBE00ADB74B /* AVFoundation.framework */; };
		C09A3FF91CA2A4FC00ADB74B /* HNBaseNavigationcontroller.m in Sources */ = {isa = PBXBuildFile; fileRef = C09A3FF81CA2A4FC00ADB74B /* HNBaseNavigationcontroller.m */; };
		C09A3FFC1CA2A51F00ADB74B /* HNBaseViewController.m in Sources */ = {isa = PBXBuildFile; fileRef = C09A3FFB1CA2A51F00ADB74B /* HNBaseViewController.m */; };
		C09A3FFF1CA2A53D00ADB74B /* HNMainViewController.m in Sources */ = {isa = PBXBuildFile; fileRef = C09A3FFE1CA2A53D00ADB74B /* HNMainViewController.m */; };
/* End PBXBuildFile section */

/* Begin PBXContainerItemProxy section */
		C09A3FD91CA29EC500ADB74B /* PBXContainerItemProxy */ = {
			isa = PBXContainerItemProxy;
			containerPortal = C09A3FB71CA29EC500ADB74B /* Project object */;
			proxyType = 1;
			remoteGlobalIDString = C09A3FBE1CA29EC500ADB74B;
			remoteInfo = HNaudio;
		};
		C09A3FE41CA29EC500ADB74B /* PBXContainerItemProxy */ = {
			isa = PBXContainerItemProxy;
			containerPortal = C09A3FB71CA29EC500ADB74B /* Project object */;
			proxyType = 1;
			remoteGlobalIDString = C09A3FBE1CA29EC500ADB74B;
			remoteInfo = HNaudio;
		};
/* End PBXContainerItemProxy section */

/* Begin PBXFileReference section */
		C09A3FBF1CA29EC500ADB74B /* HNaudio.app */ = {isa = PBXFileReference; explicitFileType = wrapper.application; includeInIndex = 0; path = HNaudio.app; sourceTree = BUILT_PRODUCTS_DIR; };
		C09A3FC31CA29EC500ADB74B /* main.m */ = {isa = PBXFileReference; lastKnownFileType = sourcecode.c.objc; path = main.m; sourceTree = "<group>"; };
		C09A3FC51CA29EC500ADB74B /* AppDelegate.h */ = {isa = PBXFileReference; lastKnownFileType = sourcecode.c.h; path = AppDelegate.h; sourceTree = "<group>"; };
		C09A3FC61CA29EC500ADB74B /* AppDelegate.m */ = {isa = PBXFileReference; lastKnownFileType = sourcecode.c.objc; path = AppDelegate.m; sourceTree = "<group>"; };
		C09A3FCE1CA29EC500ADB74B /* Assets.xcassets */ = {isa = PBXFileReference; lastKnownFileType = folder.assetcatalog; path = Assets.xcassets; sourceTree = "<group>"; };
		C09A3FD11CA29EC500ADB74B /* Base */ = {isa = PBXFileReference; lastKnownFileType = file.storyboard; name = Base; path = Base.lproj/LaunchScreen.storyboard; sourceTree = "<group>"; };
		C09A3FD31CA29EC500ADB74B /* Info.plist */ = {isa = PBXFileReference; lastKnownFileType = text.plist.xml; path = Info.plist; sourceTree = "<group>"; };
		C09A3FD81CA29EC500ADB74B /* HNaudioTests.xctest */ = {isa = PBXFileReference; explicitFileType = wrapper.cfbundle; includeInIndex = 0; path = HNaudioTests.xctest; sourceTree = BUILT_PRODUCTS_DIR; };
		C09A3FDC1CA29EC500ADB74B /* HNaudioTests.m */ = {isa = PBXFileReference; lastKnownFileType = sourcecode.c.objc; path = HNaudioTests.m; sourceTree = "<group>"; };
		C09A3FDE1CA29EC500ADB74B /* Info.plist */ = {isa = PBXFileReference; lastKnownFileType = text.plist.xml; path = Info.plist; sourceTree = "<group>"; };
		C09A3FE31CA29EC500ADB74B /* HNaudioUITests.xctest */ = {isa = PBXFileReference; explicitFileType = wrapper.cfbundle; includeInIndex = 0; path = HNaudioUITests.xctest; sourceTree = BUILT_PRODUCTS_DIR; };
		C09A3FE71CA29EC500ADB74B /* HNaudioUITests.m */ = {isa = PBXFileReference; lastKnownFileType = sourcecode.c.objc; path = HNaudioUITests.m; sourceTree = "<group>"; };
		C09A3FE91CA29EC500ADB74B /* Info.plist */ = {isa = PBXFileReference; lastKnownFileType = text.plist.xml; path = Info.plist; sourceTree = "<group>"; };
		C09A3FF51CA29FBE00ADB74B /* AVFoundation.framework */ = {isa = PBXFileReference; lastKnownFileType = wrapper.framework; name = AVFoundation.framework; path = System/Library/Frameworks/AVFoundation.framework; sourceTree = SDKROOT; };
		C09A3FF71CA2A4FC00ADB74B /* HNBaseNavigationcontroller.h */ = {isa = PBXFileReference; fileEncoding = 4; lastKnownFileType = sourcecode.c.h; path = HNBaseNavigationcontroller.h; sourceTree = "<group>"; };
		C09A3FF81CA2A4FC00ADB74B /* HNBaseNavigationcontroller.m */ = {isa = PBXFileReference; fileEncoding = 4; lastKnownFileType = sourcecode.c.objc; path = HNBaseNavigationcontroller.m; sourceTree = "<group>"; };
		C09A3FFA1CA2A51F00ADB74B /* HNBaseViewController.h */ = {isa = PBXFileReference; fileEncoding = 4; lastKnownFileType = sourcecode.c.h; path = HNBaseViewController.h; sourceTree = "<group>"; };
		C09A3FFB1CA2A51F00ADB74B /* HNBaseViewController.m */ = {isa = PBXFileReference; fileEncoding = 4; lastKnownFileType = sourcecode.c.objc; path = HNBaseViewController.m; sourceTree = "<group>"; };
		C09A3FFD1CA2A53D00ADB74B /* HNMainViewController.h */ = {isa = PBXFileReference; fileEncoding = 4; lastKnownFileType = sourcecode.c.h; path = HNMainViewController.h; sourceTree = "<group>"; };
		C09A3FFE1CA2A53D00ADB74B /* HNMainViewController.m */ = {isa = PBXFileReference; fileEncoding = 4; lastKnownFileType = sourcecode.c.objc; path = HNMainViewController.m; sourceTree = "<group>"; };
/* End PBXFileReference section */

/* Begin PBXFrameworksBuildPhase section */
		C09A3FBC1CA29EC500ADB74B /* Frameworks */ = {
			isa = PBXFrameworksBuildPhase;
			buildActionMask = 2147483647;
			files = (
				C09A3FF61CA29FBE00ADB74B /* AVFoundation.framework in Frameworks */,
			);
			runOnlyForDeploymentPostprocessing = 0;
		};
		C09A3FD51CA29EC500ADB74B /* Frameworks */ = {
			isa = PBXFrameworksBuildPhase;
			buildActionMask = 2147483647;
			files = (
			);
			runOnlyForDeploymentPostprocessing = 0;
		};
		C09A3FE01CA29EC500ADB74B /* Frameworks */ = {
			isa = PBXFrameworksBuildPhase;
			buildActionMask = 2147483647;
			files = (
			);
			runOnlyForDeploymentPostprocessing = 0;
		};
/* End PBXFrameworksBuildPhase section */

/* Begin PBXGroup section */
		C09A3FB61CA29EC500ADB74B = {
			isa = PBXGroup;
			children = (
				C09A3FF51CA29FBE00ADB74B /* AVFoundation.framework */,
				C09A3FC11CA29EC500ADB74B /* HNaudio */,
				C09A3FDB1CA29EC500ADB74B /* HNaudioTests */,
				C09A3FE61CA29EC500ADB74B /* HNaudioUITests */,
				C09A3FC01CA29EC500ADB74B /* Products */,
			);
			sourceTree = "<group>";
		};
		C09A3FC01CA29EC500ADB74B /* Products */ = {
			isa = PBXGroup;
			children = (
				C09A3FBF1CA29EC500ADB74B /* HNaudio.app */,
				C09A3FD81CA29EC500ADB74B /* HNaudioTests.xctest */,
				C09A3FE31CA29EC500ADB74B /* HNaudioUITests.xctest */,
			);
			name = Products;
			sourceTree = "<group>";
		};
		C09A3FC11CA29EC500ADB74B /* HNaudio */ = {
			isa = PBXGroup;
			children = (
				C09A3FC51CA29EC500ADB74B /* AppDelegate.h */,
				C09A3FC61CA29EC500ADB74B /* AppDelegate.m */,
				C09A3FCE1CA29EC500ADB74B /* Assets.xcassets */,
				C09A3FD01CA29EC500ADB74B /* LaunchScreen.storyboard */,
				C09A3FD31CA29EC500ADB74B /* Info.plist */,
				C09A3FC21CA29EC500ADB74B /* Supporting Files */,
				C09A3FF71CA2A4FC00ADB74B /* HNBaseNavigationcontroller.h */,
				C09A3FF81CA2A4FC00ADB74B /* HNBaseNavigationcontroller.m */,
				C09A3FFA1CA2A51F00ADB74B /* HNBaseViewController.h */,
				C09A3FFB1CA2A51F00ADB74B /* HNBaseViewController.m */,
				C09A3FFD1CA2A53D00ADB74B /* HNMainViewController.h */,
				C09A3FFE1CA2A53D00ADB74B /* HNMainViewController.m */,
			);
			path = HNaudio;
			sourceTree = "<group>";
		};
		C09A3FC21CA29EC500ADB74B /* Supporting Files */ = {
			isa = PBXGroup;
			children = (
				C09A3FC31CA29EC500ADB74B /* main.m */,
			);
			name = "Supporting Files";
			sourceTree = "<group>";
		};
		C09A3FDB1CA29EC500ADB74B /* HNaudioTests */ = {
			isa = PBXGroup;
			children = (
				C09A3FDC1CA29EC500ADB74B /* HNaudioTests.m */,
				C09A3FDE1CA29EC500ADB74B /* Info.plist */,
			);
			path = HNaudioTests;
			sourceTree = "<group>";
		};
		C09A3FE61CA29EC500ADB74B /* HNaudioUITests */ = {
			isa = PBXGroup;
			children = (
				C09A3FE71CA29EC500ADB74B /* HNaudioUITests.m */,
				C09A3FE91CA29EC500ADB74B /* Info.plist */,
			);
			path = HNaudioUITests;
			sourceTree = "<group>";
		};
/* End PBXGroup section */

/* Begin PBXNativeTarget section */
		C09A3FBE1CA29EC500ADB74B /* HNaudio */ = {
			isa = PBXNativeTarget;
			buildConfigurationList = C09A3FEC1CA29EC500ADB74B /* Build configuration list for PBXNativeTarget "HNaudio" */;
			buildPhases = (
				C09A3FBB1CA29EC500ADB74B /* Sources */,
				C09A3FBC1CA29EC500ADB74B /* Frameworks */,
				C09A3FBD1CA29EC500ADB74B /* Resources */,
			);
			buildRules = (
			);
			dependencies = (
			);
			name = HNaudio;
			productName = HNaudio;
			productReference = C09A3FBF1CA29EC500ADB74B /* HNaudio.app */;
			productType = "com.apple.product-type.application";
		};
		C09A3FD71CA29EC500ADB74B /* HNaudioTests */ = {
			isa = PBXNativeTarget;
			buildConfigurationList = C09A3FEF1CA29EC500ADB74B /* Build configuration list for PBXNativeTarget "HNaudioTests" */;
			buildPhases = (
				C09A3FD41CA29EC500ADB74B /* Sources */,
				C09A3FD51CA29EC500ADB74B /* Frameworks */,
				C09A3FD61CA29EC500ADB74B /* Resources */,
			);
			buildRules = (
			);
			dependencies = (
				C09A3FDA1CA29EC500ADB74B /* PBXTargetDependency */,
			);
			name = HNaudioTests;
			productName = HNaudioTests;
			productReference = C09A3FD81CA29EC500ADB74B /* HNaudioTests.xctest */;
			productType = "com.apple.product-type.bundle.unit-test";
		};
		C09A3FE21CA29EC500ADB74B /* HNaudioUITests */ = {
			isa = PBXNativeTarget;
			buildConfigurationList = C09A3FF21CA29EC500ADB74B /* Build configuration list for PBXNativeTarget "HNaudioUITests" */;
			buildPhases = (
				C09A3FDF1CA29EC500ADB74B /* Sources */,
				C09A3FE01CA29EC500ADB74B /* Frameworks */,
				C09A3FE11CA29EC500ADB74B /* Resources */,
			);
			buildRules = (
			);
			dependencies = (
				C09A3FE51CA29EC500ADB74B /* PBXTargetDependency */,
			);
			name = HNaudioUITests;
			productName = HNaudioUITests;
			productReference = C09A3FE31CA29EC500ADB74B /* HNaudioUITests.xctest */;
			productType = "com.apple.product-type.bundle.ui-testing";
		};
/* End PBXNativeTarget section */

/* Begin PBXProject section */
		C09A3FB71CA29EC500ADB74B /* Project object */ = {
			isa = PBXProject;
			attributes = {
				LastUpgradeCheck = 0730;
				ORGANIZATIONNAME = "MuYou INTERACTIVE TECHNOLOGY LIMITED";
				TargetAttributes = {
					C09A3FBE1CA29EC500ADB74B = {
						CreatedOnToolsVersion = 7.3;
					};
					C09A3FD71CA29EC500ADB74B = {
						CreatedOnToolsVersion = 7.3;
						TestTargetID = C09A3FBE1CA29EC500ADB74B;
					};
					C09A3FE21CA29EC500ADB74B = {
						CreatedOnToolsVersion = 7.3;
						TestTargetID = C09A3FBE1CA29EC500ADB74B;
					};
				};
			};
			buildConfigurationList = C09A3FBA1CA29EC500ADB74B /* Build configuration list for PBXProject "HNaudio" */;
			compatibilityVersion = "Xcode 3.2";
			developmentRegion = English;
			hasScannedForEncodings = 0;
			knownRegions = (
				en,
				Base,
			);
			mainGroup = C09A3FB61CA29EC500ADB74B;
			productRefGroup = C09A3FC01CA29EC500ADB74B /* Products */;
			projectDirPath = "";
			projectRoot = "";
			targets = (
				C09A3FBE1CA29EC500ADB74B /* HNaudio */,
				C09A3FD71CA29EC500ADB74B /* HNaudioTests */,
				C09A3FE21CA29EC500ADB74B /* HNaudioUITests */,
			);
		};
/* End PBXProject section */

/* Begin PBXResourcesBuildPhase section */
		C09A3FBD1CA29EC500ADB74B /* Resources */ = {
			isa = PBXResourcesBuildPhase;
			buildActionMask = 2147483647;
			files = (
				C09A3FD21CA29EC500ADB74B /* LaunchScreen.storyboard in Resources */,
				C09A3FCF1CA29EC500ADB74B /* Assets.xcassets in Resources */,
			);
			runOnlyForDeploymentPostprocessing = 0;
		};
		C09A3FD61CA29EC500ADB74B /* Resources */ = {
			isa = PBXResourcesBuildPhase;
			buildActionMask = 2147483647;
			files = (
			);
			runOnlyForDeploymentPostprocessing = 0;
		};
		C09A3FE11CA29EC500ADB74B /* Resources */ = {
			isa = PBXResourcesBuildPhase;
			buildActionMask = 2147483647;
			files = (
			);
			runOnlyForDeploymentPostprocessing = 0;
		};
/* End PBXResourcesBuildPhase section */

/* Begin PBXSourcesBuildPhase section */
		C09A3FBB1CA29EC500ADB74B /* Sources */ = {
			isa = PBXSourcesBuildPhase;
			buildActionMask = 2147483647;
			files = (
				C09A3FFF1CA2A53D00ADB74B /* HNMainViewController.m in Sources */,
				C09A3FF91CA2A4FC00ADB74B /* HNBaseNavigationcontroller.m in Sources */,
				C09A3FFC1CA2A51F00ADB74B /* HNBaseViewController.m in Sources */,
				C09A3FC71CA29EC500ADB74B /* AppDelegate.m in Sources */,
				C09A3FC41CA29EC500ADB74B /* main.m in Sources */,
			);
			runOnlyForDeploymentPostprocessing = 0;
		};
		C09A3FD41CA29EC500ADB74B /* Sources */ = {
			isa = PBXSourcesBuildPhase;
			buildActionMask = 2147483647;
			files = (
				C09A3FDD1CA29EC500ADB74B /* HNaudioTests.m in Sources */,
			);
			runOnlyForDeploymentPostprocessing = 0;
		};
		C09A3FDF1CA29EC500ADB74B /* Sources */ = {
			isa = PBXSourcesBuildPhase;
			buildActionMask = 2147483647;
			files = (
				C09A3FE81CA29EC500ADB74B /* HNaudioUITests.m in Sources */,
			);
			runOnlyForDeploymentPostprocessing = 0;
		};
/* End PBXSourcesBuildPhase section */

/* Begin PBXTargetDependency section */
		C09A3FDA1CA29EC500ADB74B /* PBXTargetDependency */ = {
			isa = PBXTargetDependency;
			target = C09A3FBE1CA29EC500ADB74B /* HNaudio */;
			targetProxy = C09A3FD91CA29EC500ADB74B /* PBXContainerItemProxy */;
		};
		C09A3FE51CA29EC500ADB74B /* PBXTargetDependency */ = {
			isa = PBXTargetDependency;
			target = C09A3FBE1CA29EC500ADB74B /* HNaudio */;
			targetProxy = C09A3FE41CA29EC500ADB74B /* PBXContainerItemProxy */;
		};
/* End PBXTargetDependency section */

/* Begin PBXVariantGroup section */
		C09A3FD01CA29EC500ADB74B /* LaunchScreen.storyboard */ = {
			isa = PBXVariantGroup;
			children = (
				C09A3FD11CA29EC500ADB74B /* Base */,
			);
			name = LaunchScreen.storyboard;
			sourceTree = "<group>";
		};
/* End PBXVariantGroup section */

/* Begin XCBuildConfiguration section */
		C09A3FEA1CA29EC500ADB74B /* Debug */ = {
			isa = XCBuildConfiguration;
			buildSettings = {
				ALWAYS_SEARCH_USER_PATHS = NO;
				CLANG_ANALYZER_NONNULL = YES;
				CLANG_CXX_LANGUAGE_STANDARD = "gnu++0x";
				CLANG_CXX_LIBRARY = "libc++";
				CLANG_ENABLE_MODULES = YES;
				CLANG_ENABLE_OBJC_ARC = YES;
				CLANG_WARN_BOOL_CONVERSION = YES;
				CLANG_WARN_CONSTANT_CONVERSION = YES;
				CLANG_WARN_DIRECT_OBJC_ISA_USAGE = YES_ERROR;
				CLANG_WARN_EMPTY_BODY = YES;
				CLANG_WARN_ENUM_CONVERSION = YES;
				CLANG_WARN_INT_CONVERSION = YES;
				CLANG_WARN_OBJC_ROOT_CLASS = YES_ERROR;
				CLANG_WARN_UNREACHABLE_CODE = YES;
				CLANG_WARN__DUPLICATE_METHOD_MATCH = YES;
				"CODE_SIGN_IDENTITY[sdk=iphoneos*]" = "iPhone Developer";
				COPY_PHASE_STRIP = NO;
				DEBUG_INFORMATION_FORMAT = dwarf;
				ENABLE_STRICT_OBJC_MSGSEND = YES;
				ENABLE_TESTABILITY = YES;
				GCC_C_LANGUAGE_STANDARD = gnu99;
				GCC_DYNAMIC_NO_PIC = NO;
				GCC_NO_COMMON_BLOCKS = YES;
				GCC_OPTIMIZATION_LEVEL = 0;
				GCC_PREPROCESSOR_DEFINITIONS = (
					"DEBUG=1",
					"$(inherited)",
				);
				GCC_WARN_64_TO_32_BIT_CONVERSION = YES;
				GCC_WARN_ABOUT_RETURN_TYPE = YES_ERROR;
				GCC_WARN_UNDECLARED_SELECTOR = YES;
				GCC_WARN_UNINITIALIZED_AUTOS = YES_AGGRESSIVE;
				GCC_WARN_UNUSED_FUNCTION = YES;
				GCC_WARN_UNUSED_VARIABLE = YES;
				IPHONEOS_DEPLOYMENT_TARGET = 9.3;
				MTL_ENABLE_DEBUG_INFO = YES;
				ONLY_ACTIVE_ARCH = YES;
				SDKROOT = iphoneos;
				TARGETED_DEVICE_FAMILY = "1,2";
			};
			name = Debug;
		};
		C09A3FEB1CA29EC500ADB74B /* Release */ = {
			isa = XCBuildConfiguration;
			buildSettings = {
				ALWAYS_SEARCH_USER_PATHS = NO;
				CLANG_ANALYZER_NONNULL = YES;
				CLANG_CXX_LANGUAGE_STANDARD = "gnu++0x";
				CLANG_CXX_LIBRARY = "libc++";
				CLANG_ENABLE_MODULES = YES;
				CLANG_ENABLE_OBJC_ARC = YES;
				CLANG_WARN_BOOL_CONVERSION = YES;
				CLANG_WARN_CONSTANT_CONVERSION = YES;
				CLANG_WARN_DIRECT_OBJC_ISA_USAGE = YES_ERROR;
				CLANG_WARN_EMPTY_BODY = YES;
				CLANG_WARN_ENUM_CONVERSION = YES;
				CLANG_WARN_INT_CONVERSION = YES;
				CLANG_WARN_OBJC_ROOT_CLASS = YES_ERROR;
				CLANG_WARN_UNREACHABLE_CODE = YES;
				CLANG_WARN__DUPLICATE_METHOD_MATCH = YES;
				"CODE_SIGN_IDENTITY[sdk=iphoneos*]" = "iPhone Developer";
				COPY_PHASE_STRIP = NO;
				DEBUG_INFORMATION_FORMAT = "dwarf-with-dsym";
				ENABLE_NS_ASSERTIONS = NO;
				ENABLE_STRICT_OBJC_MSGSEND = YES;
				GCC_C_LANGUAGE_STANDARD = gnu99;
				GCC_NO_COMMON_BLOCKS = YES;
				GCC_WARN_64_TO_32_BIT_CONVERSION = YES;
				GCC_WARN_ABOUT_RETURN_TYPE = YES_ERROR;
				GCC_WARN_UNDECLARED_SELECTOR = YES;
				GCC_WARN_UNINITIALIZED_AUTOS = YES_AGGRESSIVE;
				GCC_WARN_UNUSED_FUNCTION = YES;
				GCC_WARN_UNUSED_VARIABLE = YES;
				IPHONEOS_DEPLOYMENT_TARGET = 9.3;
				MTL_ENABLE_DEBUG_INFO = NO;
				SDKROOT = iphoneos;
				TARGETED_DEVICE_FAMILY = "1,2";
				VALIDATE_PRODUCT = YES;
			};
			name = Release;
		};
		C09A3FED1CA29EC500ADB74B /* Debug */ = {
			isa = XCBuildConfiguration;
			buildSettings = {
				ASSETCATALOG_COMPILER_APPICON_NAME = AppIcon;
				INFOPLIST_FILE = HNaudio/Info.plist;
				LD_RUNPATH_SEARCH_PATHS = "$(inherited) @executable_path/Frameworks";
				PRODUCT_BUNDLE_IDENTIFIER = ru.3guns.sdk.HNaudio;
				PRODUCT_NAME = "$(TARGET_NAME)";
			};
			name = Debug;
		};
		C09A3FEE1CA29EC500ADB74B /* Release */ = {
			isa = XCBuildConfiguration;
			buildSettings = {
				ASSETCATALOG_COMPILER_APPICON_NAME = AppIcon;
				INFOPLIST_FILE = HNaudio/Info.plist;
				LD_RUNPATH_SEARCH_PATHS = "$(inherited) @executable_path/Frameworks";
				PRODUCT_BUNDLE_IDENTIFIER = ru.3guns.sdk.HNaudio;
				PRODUCT_NAME = "$(TARGET_NAME)";
			};
			name = Release;
		};
		C09A3FF01CA29EC500ADB74B /* Debug */ = {
			isa = XCBuildConfiguration;
			buildSettings = {
				BUNDLE_LOADER = "$(TEST_HOST)";
				INFOPLIST_FILE = HNaudioTests/Info.plist;
				LD_RUNPATH_SEARCH_PATHS = "$(inherited) @executable_path/Frameworks @loader_path/Frameworks";
				PRODUCT_BUNDLE_IDENTIFIER = ru.3guns.sdk.HNaudioTests;
				PRODUCT_NAME = "$(TARGET_NAME)";
				TEST_HOST = "$(BUILT_PRODUCTS_DIR)/HNaudio.app/HNaudio";
			};
			name = Debug;
		};
		C09A3FF11CA29EC500ADB74B /* Release */ = {
			isa = XCBuildConfiguration;
			buildSettings = {
				BUNDLE_LOADER = "$(TEST_HOST)";
				INFOPLIST_FILE = HNaudioTests/Info.plist;
				LD_RUNPATH_SEARCH_PATHS = "$(inherited) @executable_path/Frameworks @loader_path/Frameworks";
				PRODUCT_BUNDLE_IDENTIFIER = ru.3guns.sdk.HNaudioTests;
				PRODUCT_NAME = "$(TARGET_NAME)";
				TEST_HOST = "$(BUILT_PRODUCTS_DIR)/HNaudio.app/HNaudio";
			};
			name = Release;
		};
		C09A3FF31CA29EC500ADB74B /* Debug */ = {
			isa = XCBuildConfiguration;
			buildSettings = {
				INFOPLIST_FILE = HNaudioUITests/Info.plist;
				LD_RUNPATH_SEARCH_PATHS = "$(inherited) @executable_path/Frameworks @loader_path/Frameworks";
				PRODUCT_BUNDLE_IDENTIFIER = ru.3guns.sdk.HNaudioUITests;
				PRODUCT_NAME = "$(TARGET_NAME)";
				TEST_TARGET_NAME = HNaudio;
			};
			name = Debug;
		};
		C09A3FF41CA29EC500ADB74B /* Release */ = {
			isa = XCBuildConfiguration;
			buildSettings = {
				INFOPLIST_FILE = HNaudioUITests/Info.plist;
				LD_RUNPATH_SEARCH_PATHS = "$(inherited) @executable_path/Frameworks @loader_path/Frameworks";
				PRODUCT_BUNDLE_IDENTIFIER = ru.3guns.sdk.HNaudioUITests;
				PRODUCT_NAME = "$(TARGET_NAME)";
				TEST_TARGET_NAME = HNaudio;
			};
			name = Release;
		};
/* End XCBuildConfiguration section */

/* Begin XCConfigurationList section */
		C09A3FBA1CA29EC500ADB74B /* Build configuration list for PBXProject "HNaudio" */ = {
			isa = XCConfigurationList;
			buildConfigurations = (
				C09A3FEA1CA29EC500ADB74B /* Debug */,
				C09A3FEB1CA29EC500ADB74B /* Release */,
			);
			defaultConfigurationIsVisible = 0;
			defaultConfigurationName = Release;
		};
		C09A3FEC1CA29EC500ADB74B /* Build configuration list for PBXNativeTarget "HNaudio" */ = {
			isa = XCConfigurationList;
			buildConfigurations = (
				C09A3FED1CA29EC500ADB74B /* Debug */,
				C09A3FEE1CA29EC500ADB74B /* Release */,
			);
			defaultConfigurationIsVisible = 0;
			defaultConfigurationName = Release;
		};
		C09A3FEF1CA29EC500ADB74B /* Build configuration list for PBXNativeTarget "HNaudioTests" */ = {
			isa = XCConfigurationList;
			buildConfigurations = (
				C09A3FF01CA29EC500ADB74B /* Debug */,
				C09A3FF11CA29EC500ADB74B /* Release */,
			);
			defaultConfigurationIsVisible = 0;
			defaultConfigurationName = Release;
		};
		C09A3FF21CA29EC500ADB74B /* Build configuration list for PBXNativeTarget "HNaudioUITests" */ = {
			isa = XCConfigurationList;
			buildConfigurations = (
				C09A3FF31CA29EC500ADB74B /* Debug */,
				C09A3FF41CA29EC500ADB74B /* Release */,
			);
			defaultConfigurationIsVisible = 0;
			defaultConfigurationName = Release;
		};
/* End XCConfigurationList section */
	};
	rootObject = C09A3FB71CA29EC500ADB74B /* Project object */;
}
